
Microsoft Visual Studio Solution File, Format Version 12.00
# Visual Studio Version 16
VisualStudioVersion = 16.0.808.8
MinimumVisualStudioVersion = 10.0.40219.1
Project("{FAE04EC0-301F-11D3-BF4B-00C04F79EFBC}") = "MCPRactice.Android", "MCPRactice.Android\MCPRactice.Android.csproj", "{4A7456AD-423C-4152-92EA-C5D0EF034C00}"
EndProject
Project("{FAE04EC0-301F-11D3-BF4B-00C04F79EFBC}") = "MCPRactice.iOS", "MCPRactice.iOS\MCPRactice.iOS.csproj", "{DB1F017B-C673-4761-8FE2-A35817F3D6D8}"
EndProject
Project("{FAE04EC0-301F-11D3-BF4B-00C04F79EFBC}") = "MCPRactice", "MCPRactice\MCPRactice.csproj", "{C8470FD0-1FFB-4A76-856E-1AC8BFDB26B8}"
EndProject
Global
	GlobalSection(SolutionConfigurationPlatforms) = preSolution
		Debug|Any CPU = Debug|Any CPU
		Release|Any CPU = Release|Any CPU
		Debug|iPhoneSimulator = Debug|iPhoneSimulator
		Release|iPhoneSimulator = Release|iPhoneSimulator
		Debug|iPhone = Debug|iPhone
		Release|iPhone = Release|iPhone
	EndGlobalSection
	GlobalSection(ProjectConfigurationPlatforms) = postSolution
		{4A7456AD-423C-4152-92EA-C5D0EF034C00}.Debug|Any CPU.ActiveCfg = Debug|Any CPU
		{4A7456AD-423C-4152-92EA-C5D0EF034C00}.Debug|Any CPU.Build.0 = Debug|Any CPU
		{4A7456AD-423C-4152-92EA-C5D0EF034C00}.Release|Any CPU.ActiveCfg = Release|Any CPU
		{4A7456AD-423C-4152-92EA-C5D0EF034C00}.Release|Any CPU.Build.0 = Release|Any CPU
		{4A7456AD-423C-4152-92EA-C5D0EF034C00}.Debug|iPhoneSimulator.ActiveCfg = Debug|Any CPU
		{4A7456AD-423C-4152-92EA-C5D0EF034C00}.Debug|iPhoneSimulator.Build.0 = Debug|Any CPU
		{4A7456AD-423C-4152-92EA-C5D0EF034C00}.Release|iPhoneSimulator.ActiveCfg = Release|Any CPU
		{4A7456AD-423C-4152-92EA-C5D0EF034C00}.Release|iPhoneSimulator.Build.0 = Release|Any CPU
		{4A7456AD-423C-4152-92EA-C5D0EF034C00}.Debug|iPhone.ActiveCfg = Debug|Any CPU
		{4A7456AD-423C-4152-92EA-C5D0EF034C00}.Debug|iPhone.Build.0 = Debug|Any CPU
		{4A7456AD-423C-4152-92EA-C5D0EF034C00}.Release|iPhone.ActiveCfg = Release|Any CPU
		{4A7456AD-423C-4152-92EA-C5D0EF034C00}.Release|iPhone.Build.0 = Release|Any CPU
		{DB1F017B-C673-4761-8FE2-A35817F3D6D8}.Debug|Any CPU.ActiveCfg = Debug|iPhoneSimulator
		{DB1F017B-C673-4761-8FE2-A35817F3D6D8}.Debug|Any CPU.Build.0 = Debug|iPhoneSimulator
		{DB1F017B-C673-4761-8FE2-A35817F3D6D8}.Release|Any CPU.ActiveCfg = Release|iPhoneSimulator
		{DB1F017B-C673-4761-8FE2-A35817F3D6D8}.Release|Any CPU.Build.0 = Release|iPhoneSimulator
		{DB1F017B-C673-4761-8FE2-A35817F3D6D8}.Debug|iPhoneSimulator.ActiveCfg = Debug|iPhoneSimulator
		{DB1F017B-C673-4761-8FE2-A35817F3D6D8}.Debug|iPhoneSimulator.Build.0 = Debug|iPhoneSimulator
		{DB1F017B-C673-4761-8FE2-A35817F3D6D8}.Release|iPhoneSimulator.ActiveCfg = Release|iPhoneSimulator
		{DB1F017B-C673-4761-8FE2-A35817F3D6D8}.Release|iPhoneSimulator.Build.0 = Release|iPhoneSimulator
		{DB1F017B-C673-4761-8FE2-A35817F3D6D8}.Debug|iPhone.ActiveCfg = Debug|iPhone
		{DB1F017B-C673-4761-8FE2-A35817F3D6D8}.Debug|iPhone.Build.0 = Debug|iPhone
		{DB1F017B-C673-4761-8FE2-A35817F3D6D8}.Release|iPhone.ActiveCfg = Release|iPhone
		{DB1F017B-C673-4761-8FE2-A35817F3D6D8}.Release|iPhone.Build.0 = Release|iPhone
		{C8470FD0-1FFB-4A76-856E-1AC8BFDB26B8}.Debug|Any CPU.ActiveCfg = Debug|Any CPU
		{C8470FD0-1FFB-4A76-856E-1AC8BFDB26B8}.Debug|Any CPU.Build.0 = Debug|Any CPU
		{C8470FD0-1FFB-4A76-856E-1AC8BFDB26B8}.Release|Any CPU.ActiveCfg = Release|Any CPU
		{C8470FD0-1FFB-4A76-856E-1AC8BFDB26B8}.Release|Any CPU.Build.0 = Release|Any CPU
		{C8470FD0-1FFB-4A76-856E-1AC8BFDB26B8}.Debug|iPhoneSimulator.ActiveCfg = Debug|Any CPU
		{C8470FD0-1FFB-4A76-856E-1AC8BFDB26B8}.Debug|iPhoneSimulator.Build.0 = Debug|Any CPU
		{C8470FD0-1FFB-4A76-856E-1AC8BFDB26B8}.Release|iPhoneSimulator.ActiveCfg = Release|Any CPU
		{C8470FD0-1FFB-4A76-856E-1AC8BFDB26B8}.Release|iPhoneSimulator.Build.0 = Release|Any CPU
		{C8470FD0-1FFB-4A76-856E-1AC8BFDB26B8}.Debug|iPhone.ActiveCfg = Debug|Any CPU
		{C8470FD0-1FFB-4A76-856E-1AC8BFDB26B8}.Debug|iPhone.Build.0 = Debug|Any CPU
		{C8470FD0-1FFB-4A76-856E-1AC8BFDB26B8}.Release|iPhone.ActiveCfg = Release|Any CPU
		{C8470FD0-1FFB-4A76-856E-1AC8BFDB26B8}.Release|iPhone.Build.0 = Release|Any CPU
	EndGlobalSection
	GlobalSection(SolutionProperties) = preSolution
		HideSolutionNode = FALSE
	EndGlobalSection
	GlobalSection(ExtensibilityGlobals) = postSolution
		SolutionGuid = {DF9551F2-90E6-4FC8-B97F-C178C588D224}
	EndGlobalSection
EndGlobal
